
Microsoft Visual Studio Solution File, Format Version 12.00
# Visual Studio 15
VisualStudioVersion = 15.0.27004.2008
MinimumVisualStudioVersion = 10.0.40219.1
Project("{FAE04EC0-301F-11D3-BF4B-00C04F79EFBC}") = "SimulatedDevice", "SimulatedDevice\SimulatedDevice.csproj", "{3F29EBDB-D01E-4118-ABBA-C4178A17F4EC}"
EndProject
Global
	GlobalSection(SolutionConfigurationPlatforms) = preSolution
		Debug|Any CPU = Debug|Any CPU
		Release|Any CPU = Release|Any CPU
	EndGlobalSection
	GlobalSection(ProjectConfigurationPlatforms) = postSolution
		{3F29EBDB-D01E-4118-ABBA-C4178A17F4EC}.Debug|Any CPU.ActiveCfg = Debug|Any CPU
		{3F29EBDB-D01E-4118-ABBA-C4178A17F4EC}.Debug|Any CPU.Build.0 = Debug|Any CPU
		{3F29EBDB-D01E-4118-ABBA-C4178A17F4EC}.Release|Any CPU.ActiveCfg = Release|Any CPU
		{3F29EBDB-D01E-4118-ABBA-C4178A17F4EC}.Release|Any CPU.Build.0 = Release|Any CPU
	EndGlobalSection
	GlobalSection(SolutionProperties) = preSolution
		HideSolutionNode = FALSE
	EndGlobalSection
	GlobalSection(ExtensibilityGlobals) = postSolution
		SolutionGuid = {63B7C04C-6794-488D-A61A-AC87736EAD4D}
		EnterpriseLibraryConfigurationToolBinariesPathV6 = packages\EnterpriseLibrary.TransientFaultHandling.6.0.1304.0\lib\portable-net45+win+wp8
	EndGlobalSection
EndGlobal
